// !$*UTF8*$!
{
	archiveVersion = 1;
	classes = {
	};
	objectVersion = 77;
	objects = {

/* Begin PBXCopyFilesBuildPhase section */
		DE1F1AE42D1FF8CC00E51360 /* CopyFiles */ = {
			isa = PBXCopyFilesBuildPhase;
			buildActionMask = 2147483647;
			dstPath = /usr/share/man/man1/;
			dstSubfolderSpec = 0;
			files = (
			);
			runOnlyForDeploymentPostprocessing = 1;
		};
/* End PBXCopyFilesBuildPhase section */

/* Begin PBXFileReference section */
		DE1F1AE62D1FF8CC00E51360 /* MyCurlCommand */ = {isa = PBXFileReference; explicitFileType = "compiled.mach-o.executable"; includeInIndex = 0; path = MyCurlCommand; sourceTree = BUILT_PRODUCTS_DIR; };
		DE1F1AF02D1FFABC00E51360 /* README.md */ = {isa = PBXFileReference; lastKnownFileType = net.daringfireball.markdown; path = README.md; sourceTree = "<group>"; };
		DE5064792D28DFB100A0571E /* OptionSystem.xctest */ = {isa = PBXFileReference; explicitFileType = wrapper.cfbundle; includeInIndex = 0; path = OptionSystem.xctest; sourceTree = BUILT_PRODUCTS_DIR; };
		DE572E212D2970470013FEEF /* Additional.xctest */ = {isa = PBXFileReference; explicitFileType = wrapper.cfbundle; includeInIndex = 0; path = Additional.xctest; sourceTree = BUILT_PRODUCTS_DIR; };
		DEB2B5BE2D217769004AF0D4 /* BaseCurlTest.xctest */ = {isa = PBXFileReference; explicitFileType = wrapper.cfbundle; includeInIndex = 0; path = BaseCurlTest.xctest; sourceTree = BUILT_PRODUCTS_DIR; };
		DEB2B5C72D217ADC004AF0D4 /* BaseCurlTest.xctestplan */ = {isa = PBXFileReference; lastKnownFileType = text; path = BaseCurlTest.xctestplan; sourceTree = "<group>"; };
/* End PBXFileReference section */

/* Begin PBXFileSystemSynchronizedBuildFileExceptionSet section */
		DE50645E2D28D7F400A0571E /* Exceptions for "MyCurlCommand" folder in "BaseCurlTest" target */ = {
			isa = PBXFileSystemSynchronizedBuildFileExceptionSet;
			membershipExceptions = (
				MyCurlCommand.swift,
			);
			target = DEB2B5BD2D217769004AF0D4 /* BaseCurlTest */;
		};
		DE5064812D28DFC700A0571E /* Exceptions for "MyCurlCommand" folder in "OptionSystem" target */ = {
			isa = PBXFileSystemSynchronizedBuildFileExceptionSet;
			membershipExceptions = (
				MyCurlCommand.swift,
			);
			target = DE5064782D28DFB100A0571E /* OptionSystem */;
		};
		DE572E292D2970520013FEEF /* Exceptions for "MyCurlCommand" folder in "Additional" target */ = {
			isa = PBXFileSystemSynchronizedBuildFileExceptionSet;
			membershipExceptions = (
				MyCurlCommand.swift,
			);
			target = DE572E202D2970470013FEEF /* Additional */;
		};
/* End PBXFileSystemSynchronizedBuildFileExceptionSet section */

/* Begin PBXFileSystemSynchronizedRootGroup section */
		DE1F1AE82D1FF8CC00E51360 /* MyCurlCommand */ = {
			isa = PBXFileSystemSynchronizedRootGroup;
			exceptions = (
				DE50645E2D28D7F400A0571E /* Exceptions for "MyCurlCommand" folder in "BaseCurlTest" target */,
				DE5064812D28DFC700A0571E /* Exceptions for "MyCurlCommand" folder in "OptionSystem" target */,
				DE572E292D2970520013FEEF /* Exceptions for "MyCurlCommand" folder in "Additional" target */,
			);
			path = MyCurlCommand;
			sourceTree = "<group>";
		};
		DE50647A2D28DFB100A0571E /* OptionSystem */ = {
			isa = PBXFileSystemSynchronizedRootGroup;
			path = OptionSystem;
			sourceTree = "<group>";
		};
		DE572E222D2970470013FEEF /* Additional */ = {
			isa = PBXFileSystemSynchronizedRootGroup;
			path = Additional;
			sourceTree = "<group>";
		};
		DEB2B5BF2D217769004AF0D4 /* BaseCurlTest */ = {
			isa = PBXFileSystemSynchronizedRootGroup;
			path = BaseCurlTest;
			sourceTree = "<group>";
		};
/* End PBXFileSystemSynchronizedRootGroup section */

/* Begin PBXFrameworksBuildPhase section */
		DE1F1AE32D1FF8CC00E51360 /* Frameworks */ = {
			isa = PBXFrameworksBuildPhase;
			buildActionMask = 2147483647;
			files = (
			);
			runOnlyForDeploymentPostprocessing = 0;
		};
		DE5064762D28DFB100A0571E /* Frameworks */ = {
			isa = PBXFrameworksBuildPhase;
			buildActionMask = 2147483647;
			files = (
			);
			runOnlyForDeploymentPostprocessing = 0;
		};
		DE572E1E2D2970470013FEEF /* Frameworks */ = {
			isa = PBXFrameworksBuildPhase;
			buildActionMask = 2147483647;
			files = (
			);
			runOnlyForDeploymentPostprocessing = 0;
		};
		DEB2B5BB2D217769004AF0D4 /* Frameworks */ = {
			isa = PBXFrameworksBuildPhase;
			buildActionMask = 2147483647;
			files = (
			);
			runOnlyForDeploymentPostprocessing = 0;
		};
/* End PBXFrameworksBuildPhase section */

/* Begin PBXGroup section */
		DE1F1ADD2D1FF8CC00E51360 = {
			isa = PBXGroup;
			children = (
				DEB2B5C72D217ADC004AF0D4 /* BaseCurlTest.xctestplan */,
				DE1F1AF02D1FFABC00E51360 /* README.md */,
				DE1F1AE82D1FF8CC00E51360 /* MyCurlCommand */,
				DEB2B5BF2D217769004AF0D4 /* BaseCurlTest */,
				DE50647A2D28DFB100A0571E /* OptionSystem */,
				DE572E222D2970470013FEEF /* Additional */,
				DE1F1AE72D1FF8CC00E51360 /* Products */,
			);
			sourceTree = "<group>";
		};
		DE1F1AE72D1FF8CC00E51360 /* Products */ = {
			isa = PBXGroup;
			children = (
				DE1F1AE62D1FF8CC00E51360 /* MyCurlCommand */,
				DEB2B5BE2D217769004AF0D4 /* BaseCurlTest.xctest */,
				DE5064792D28DFB100A0571E /* OptionSystem.xctest */,
				DE572E212D2970470013FEEF /* Additional.xctest */,
			);
			name = Products;
			sourceTree = "<group>";
		};
/* End PBXGroup section */

/* Begin PBXNativeTarget section */
		DE1F1AE52D1FF8CC00E51360 /* MyCurlCommand */ = {
			isa = PBXNativeTarget;
			buildConfigurationList = DE1F1AED2D1FF8CC00E51360 /* Build configuration list for PBXNativeTarget "MyCurlCommand" */;
			buildPhases = (
				DE1F1AE22D1FF8CC00E51360 /* Sources */,
				DE1F1AE32D1FF8CC00E51360 /* Frameworks */,
				DE1F1AE42D1FF8CC00E51360 /* CopyFiles */,
			);
			buildRules = (
			);
			dependencies = (
			);
			fileSystemSynchronizedGroups = (
				DE1F1AE82D1FF8CC00E51360 /* MyCurlCommand */,
			);
			name = MyCurlCommand;
			packageProductDependencies = (
			);
			productName = MyCurlCommand;
			productReference = DE1F1AE62D1FF8CC00E51360 /* MyCurlCommand */;
			productType = "com.apple.product-type.tool";
		};
		DE5064782D28DFB100A0571E /* OptionSystem */ = {
			isa = PBXNativeTarget;
			buildConfigurationList = DE50647D2D28DFB100A0571E /* Build configuration list for PBXNativeTarget "OptionSystem" */;
			buildPhases = (
				DE5064752D28DFB100A0571E /* Sources */,
				DE5064762D28DFB100A0571E /* Frameworks */,
				DE5064772D28DFB100A0571E /* Resources */,
			);
			buildRules = (
			);
			dependencies = (
			);
			fileSystemSynchronizedGroups = (
				DE50647A2D28DFB100A0571E /* OptionSystem */,
			);
			name = OptionSystem;
			packageProductDependencies = (
			);
			productName = OptionSystem;
			productReference = DE5064792D28DFB100A0571E /* OptionSystem.xctest */;
			productType = "com.apple.product-type.bundle.unit-test";
		};
		DE572E202D2970470013FEEF /* Additional */ = {
			isa = PBXNativeTarget;
			buildConfigurationList = DE572E272D2970470013FEEF /* Build configuration list for PBXNativeTarget "Additional" */;
			buildPhases = (
				DE572E1D2D2970470013FEEF /* Sources */,
				DE572E1E2D2970470013FEEF /* Frameworks */,
				DE572E1F2D2970470013FEEF /* Resources */,
			);
			buildRules = (
			);
			dependencies = (
			);
			fileSystemSynchronizedGroups = (
				DE572E222D2970470013FEEF /* Additional */,
			);
			name = Additional;
			packageProductDependencies = (
			);
			productName = Additional;
			productReference = DE572E212D2970470013FEEF /* Additional.xctest */;
			productType = "com.apple.product-type.bundle.unit-test";
		};
		DEB2B5BD2D217769004AF0D4 /* BaseCurlTest */ = {
			isa = PBXNativeTarget;
			buildConfigurationList = DEB2B5C22D217769004AF0D4 /* Build configuration list for PBXNativeTarget "BaseCurlTest" */;
			buildPhases = (
				DEB2B5BA2D217769004AF0D4 /* Sources */,
				DEB2B5BB2D217769004AF0D4 /* Frameworks */,
				DEB2B5BC2D217769004AF0D4 /* Resources */,
			);
			buildRules = (
			);
			dependencies = (
			);
			fileSystemSynchronizedGroups = (
				DEB2B5BF2D217769004AF0D4 /* BaseCurlTest */,
			);
			name = BaseCurlTest;
			packageProductDependencies = (
			);
			productName = BaseCurlTest;
			productReference = DEB2B5BE2D217769004AF0D4 /* BaseCurlTest.xctest */;
			productType = "com.apple.product-type.bundle.unit-test";
		};
/* End PBXNativeTarget section */

/* Begin PBXProject section */
		DE1F1ADE2D1FF8CC00E51360 /* Project object */ = {
			isa = PBXProject;
			attributes = {
				BuildIndependentTargetsInParallel = 1;
				LastSwiftUpdateCheck = 1620;
				LastUpgradeCheck = 1620;
				TargetAttributes = {
					DE1F1AE52D1FF8CC00E51360 = {
						CreatedOnToolsVersion = 16.2;
					};
					DE5064782D28DFB100A0571E = {
						CreatedOnToolsVersion = 16.2;
					};
					DE572E202D2970470013FEEF = {
						CreatedOnToolsVersion = 16.2;
					};
					DEB2B5BD2D217769004AF0D4 = {
						CreatedOnToolsVersion = 16.2;
					};
				};
			};
			buildConfigurationList = DE1F1AE12D1FF8CC00E51360 /* Build configuration list for PBXProject "MyCurlCommand" */;
			developmentRegion = en;
			hasScannedForEncodings = 0;
			knownRegions = (
				en,
				Base,
			);
			mainGroup = DE1F1ADD2D1FF8CC00E51360;
			minimizedProjectReferenceProxies = 1;
			preferredProjectObjectVersion = 77;
			productRefGroup = DE1F1AE72D1FF8CC00E51360 /* Products */;
			projectDirPath = "";
			projectRoot = "";
			targets = (
				DE1F1AE52D1FF8CC00E51360 /* MyCurlCommand */,
				DEB2B5BD2D217769004AF0D4 /* BaseCurlTest */,
				DE5064782D28DFB100A0571E /* OptionSystem */,
				DE572E202D2970470013FEEF /* Additional */,
			);
		};
/* End PBXProject section */

/* Begin PBXResourcesBuildPhase section */
		DE5064772D28DFB100A0571E /* Resources */ = {
			isa = PBXResourcesBuildPhase;
			buildActionMask = 2147483647;
			files = (
			);
			runOnlyForDeploymentPostprocessing = 0;
		};
		DE572E1F2D2970470013FEEF /* Resources */ = {
			isa = PBXResourcesBuildPhase;
			buildActionMask = 2147483647;
			files = (
			);
			runOnlyForDeploymentPostprocessing = 0;
		};
		DEB2B5BC2D217769004AF0D4 /* Resources */ = {
			isa = PBXResourcesBuildPhase;
			buildActionMask = 2147483647;
			files = (
			);
			runOnlyForDeploymentPostprocessing = 0;
		};
/* End PBXResourcesBuildPhase section */

/* Begin PBXSourcesBuildPhase section */
		DE1F1AE22D1FF8CC00E51360 /* Sources */ = {
			isa = PBXSourcesBuildPhase;
			buildActionMask = 2147483647;
			files = (
			);
			runOnlyForDeploymentPostprocessing = 0;
		};
		DE5064752D28DFB100A0571E /* Sources */ = {
			isa = PBXSourcesBuildPhase;
			buildActionMask = 2147483647;
			files = (
			);
			runOnlyForDeploymentPostprocessing = 0;
		};
		DE572E1D2D2970470013FEEF /* Sources */ = {
			isa = PBXSourcesBuildPhase;
			buildActionMask = 2147483647;
			files = (
			);
			runOnlyForDeploymentPostprocessing = 0;
		};
		DEB2B5BA2D217769004AF0D4 /* Sources */ = {
			isa = PBXSourcesBuildPhase;
			buildActionMask = 2147483647;
			files = (
			);
			runOnlyForDeploymentPostprocessing = 0;
		};
/* End PBXSourcesBuildPhase section */

/* Begin XCBuildConfiguration section */
		DE1F1AEB2D1FF8CC00E51360 /* Debug */ = {
			isa = XCBuildConfiguration;
			buildSettings = {
				ALWAYS_SEARCH_USER_PATHS = NO;
				ASSETCATALOG_COMPILER_GENERATE_SWIFT_ASSET_SYMBOL_EXTENSIONS = YES;
				CLANG_ANALYZER_NONNULL = YES;
				CLANG_ANALYZER_NUMBER_OBJECT_CONVERSION = YES_AGGRESSIVE;
				CLANG_CXX_LANGUAGE_STANDARD = "gnu++20";
				CLANG_ENABLE_MODULES = YES;
				CLANG_ENABLE_OBJC_ARC = YES;
				CLANG_ENABLE_OBJC_WEAK = YES;
				CLANG_WARN_BLOCK_CAPTURE_AUTORELEASING = YES;
				CLANG_WARN_BOOL_CONVERSION = YES;
				CLANG_WARN_COMMA = YES;
				CLANG_WARN_CONSTANT_CONVERSION = YES;
				CLANG_WARN_DEPRECATED_OBJC_IMPLEMENTATIONS = YES;
				CLANG_WARN_DIRECT_OBJC_ISA_USAGE = YES_ERROR;
				CLANG_WARN_DOCUMENTATION_COMMENTS = YES;
				CLANG_WARN_EMPTY_BODY = YES;
				CLANG_WARN_ENUM_CONVERSION = YES;
				CLANG_WARN_INFINITE_RECURSION = YES;
				CLANG_WARN_INT_CONVERSION = YES;
				CLANG_WARN_NON_LITERAL_NULL_CONVERSION = YES;
				CLANG_WARN_OBJC_IMPLICIT_RETAIN_SELF = YES;
				CLANG_WARN_OBJC_LITERAL_CONVERSION = YES;
				CLANG_WARN_OBJC_ROOT_CLASS = YES_ERROR;
				CLANG_WARN_QUOTED_INCLUDE_IN_FRAMEWORK_HEADER = YES;
				CLANG_WARN_RANGE_LOOP_ANALYSIS = YES;
				CLANG_WARN_STRICT_PROTOTYPES = YES;
				CLANG_WARN_SUSPICIOUS_MOVE = YES;
				CLANG_WARN_UNGUARDED_AVAILABILITY = YES_AGGRESSIVE;
				CLANG_WARN_UNREACHABLE_CODE = YES;
				CLANG_WARN__DUPLICATE_METHOD_MATCH = YES;
				COPY_PHASE_STRIP = NO;
				DEBUG_INFORMATION_FORMAT = dwarf;
				ENABLE_STRICT_OBJC_MSGSEND = YES;
				ENABLE_TESTABILITY = YES;
				ENABLE_USER_SCRIPT_SANDBOXING = YES;
				GCC_C_LANGUAGE_STANDARD = gnu17;
				GCC_DYNAMIC_NO_PIC = NO;
				GCC_NO_COMMON_BLOCKS = YES;
				GCC_OPTIMIZATION_LEVEL = 0;
				GCC_PREPROCESSOR_DEFINITIONS = (
					"DEBUG=1",
					"$(inherited)",
				);
				GCC_WARN_64_TO_32_BIT_CONVERSION = YES;
				GCC_WARN_ABOUT_RETURN_TYPE = YES_ERROR;
				GCC_WARN_UNDECLARED_SELECTOR = YES;
				GCC_WARN_UNINITIALIZED_AUTOS = YES_AGGRESSIVE;
				GCC_WARN_UNUSED_FUNCTION = YES;
				GCC_WARN_UNUSED_VARIABLE = YES;
				LOCALIZATION_PREFERS_STRING_CATALOGS = YES;
				MACOSX_DEPLOYMENT_TARGET = 15.1;
				MTL_ENABLE_DEBUG_INFO = INCLUDE_SOURCE;
				MTL_FAST_MATH = YES;
				ONLY_ACTIVE_ARCH = YES;
				SDKROOT = macosx;
				SWIFT_ACTIVE_COMPILATION_CONDITIONS = "DEBUG $(inherited)";
				SWIFT_OPTIMIZATION_LEVEL = "-Onone";
			};
			name = Debug;
		};
		DE1F1AEC2D1FF8CC00E51360 /* Release */ = {
			isa = XCBuildConfiguration;
			buildSettings = {
				ALWAYS_SEARCH_USER_PATHS = NO;
				ASSETCATALOG_COMPILER_GENERATE_SWIFT_ASSET_SYMBOL_EXTENSIONS = YES;
				CLANG_ANALYZER_NONNULL = YES;
				CLANG_ANALYZER_NUMBER_OBJECT_CONVERSION = YES_AGGRESSIVE;
				CLANG_CXX_LANGUAGE_STANDARD = "gnu++20";
				CLANG_ENABLE_MODULES = YES;
				CLANG_ENABLE_OBJC_ARC = YES;
				CLANG_ENABLE_OBJC_WEAK = YES;
				CLANG_WARN_BLOCK_CAPTURE_AUTORELEASING = YES;
				CLANG_WARN_BOOL_CONVERSION = YES;
				CLANG_WARN_COMMA = YES;
				CLANG_WARN_CONSTANT_CONVERSION = YES;
				CLANG_WARN_DEPRECATED_OBJC_IMPLEMENTATIONS = YES;
				CLANG_WARN_DIRECT_OBJC_ISA_USAGE = YES_ERROR;
				CLANG_WARN_DOCUMENTATION_COMMENTS = YES;
				CLANG_WARN_EMPTY_BODY = YES;
				CLANG_WARN_ENUM_CONVERSION = YES;
				CLANG_WARN_INFINITE_RECURSION = YES;
				CLANG_WARN_INT_CONVERSION = YES;
				CLANG_WARN_NON_LITERAL_NULL_CONVERSION = YES;
				CLANG_WARN_OBJC_IMPLICIT_RETAIN_SELF = YES;
				CLANG_WARN_OBJC_LITERAL_CONVERSION = YES;
				CLANG_WARN_OBJC_ROOT_CLASS = YES_ERROR;
				CLANG_WARN_QUOTED_INCLUDE_IN_FRAMEWORK_HEADER = YES;
				CLANG_WARN_RANGE_LOOP_ANALYSIS = YES;
				CLANG_WARN_STRICT_PROTOTYPES = YES;
				CLANG_WARN_SUSPICIOUS_MOVE = YES;
				CLANG_WARN_UNGUARDED_AVAILABILITY = YES_AGGRESSIVE;
				CLANG_WARN_UNREACHABLE_CODE = YES;
				CLANG_WARN__DUPLICATE_METHOD_MATCH = YES;
				COPY_PHASE_STRIP = NO;
				DEBUG_INFORMATION_FORMAT = "dwarf-with-dsym";
				ENABLE_NS_ASSERTIONS = NO;
				ENABLE_STRICT_OBJC_MSGSEND = YES;
				ENABLE_USER_SCRIPT_SANDBOXING = YES;
				GCC_C_LANGUAGE_STANDARD = gnu17;
				GCC_NO_COMMON_BLOCKS = YES;
				GCC_WARN_64_TO_32_BIT_CONVERSION = YES;
				GCC_WARN_ABOUT_RETURN_TYPE = YES_ERROR;
				GCC_WARN_UNDECLARED_SELECTOR = YES;
				GCC_WARN_UNINITIALIZED_AUTOS = YES_AGGRESSIVE;
				GCC_WARN_UNUSED_FUNCTION = YES;
				GCC_WARN_UNUSED_VARIABLE = YES;
				LOCALIZATION_PREFERS_STRING_CATALOGS = YES;
				MACOSX_DEPLOYMENT_TARGET = 15.1;
				MTL_ENABLE_DEBUG_INFO = NO;
				MTL_FAST_MATH = YES;
				SDKROOT = macosx;
				SWIFT_COMPILATION_MODE = wholemodule;
			};
			name = Release;
		};
		DE1F1AEE2D1FF8CC00E51360 /* Debug */ = {
			isa = XCBuildConfiguration;
			buildSettings = {
				CODE_SIGN_STYLE = Automatic;
				DEVELOPMENT_TEAM = 67447MWT6K;
				ENABLE_HARDENED_RUNTIME = YES;
				PRODUCT_NAME = "$(TARGET_NAME)";
				SWIFT_VERSION = 5.0;
			};
			name = Debug;
		};
		DE1F1AEF2D1FF8CC00E51360 /* Release */ = {
			isa = XCBuildConfiguration;
			buildSettings = {
				CODE_SIGN_STYLE = Automatic;
				DEVELOPMENT_TEAM = 67447MWT6K;
				ENABLE_HARDENED_RUNTIME = YES;
				PRODUCT_NAME = "$(TARGET_NAME)";
				SWIFT_VERSION = 5.0;
			};
			name = Release;
		};
		DE50647E2D28DFB100A0571E /* Debug */ = {
			isa = XCBuildConfiguration;
			buildSettings = {
				CODE_SIGN_STYLE = Automatic;
				CURRENT_PROJECT_VERSION = 1;
				DEVELOPMENT_TEAM = 67447MWT6K;
				GENERATE_INFOPLIST_FILE = YES;
				MACOSX_DEPLOYMENT_TARGET = 15.2;
				MARKETING_VERSION = 1.0;
				PRODUCT_BUNDLE_IDENTIFIER = rinngo0302.OptionSystem;
				PRODUCT_NAME = "$(TARGET_NAME)";
				SWIFT_EMIT_LOC_STRINGS = NO;
				SWIFT_VERSION = 5.0;
			};
			name = Debug;
		};
		DE50647F2D28DFB100A0571E /* Release */ = {
			isa = XCBuildConfiguration;
			buildSettings = {
				CODE_SIGN_STYLE = Automatic;
				CURRENT_PROJECT_VERSION = 1;
				DEVELOPMENT_TEAM = 67447MWT6K;
				GENERATE_INFOPLIST_FILE = YES;
				MACOSX_DEPLOYMENT_TARGET = 15.2;
				MARKETING_VERSION = 1.0;
				PRODUCT_BUNDLE_IDENTIFIER = rinngo0302.OptionSystem;
				PRODUCT_NAME = "$(TARGET_NAME)";
				SWIFT_EMIT_LOC_STRINGS = NO;
				SWIFT_VERSION = 5.0;
			};
			name = Release;
		};
		DE572E252D2970470013FEEF /* Debug */ = {
			isa = XCBuildConfiguration;
			buildSettings = {
				CODE_SIGN_STYLE = Automatic;
				CURRENT_PROJECT_VERSION = 1;
				DEVELOPMENT_TEAM = 67447MWT6K;
				GENERATE_INFOPLIST_FILE = YES;
				MACOSX_DEPLOYMENT_TARGET = 15.2;
				MARKETING_VERSION = 1.0;
				PRODUCT_BUNDLE_IDENTIFIER = rinngo0302.Additional;
				PRODUCT_NAME = "$(TARGET_NAME)";
				SWIFT_EMIT_LOC_STRINGS = NO;
				SWIFT_VERSION = 5.0;
			};
			name = Debug;
		};
		DE572E262D2970470013FEEF /* Release */ = {
			isa = XCBuildConfiguration;
			buildSettings = {
				CODE_SIGN_STYLE = Automatic;
				CURRENT_PROJECT_VERSION = 1;
				DEVELOPMENT_TEAM = 67447MWT6K;
				GENERATE_INFOPLIST_FILE = YES;
				MACOSX_DEPLOYMENT_TARGET = 15.2;
				MARKETING_VERSION = 1.0;
				PRODUCT_BUNDLE_IDENTIFIER = rinngo0302.Additional;
				PRODUCT_NAME = "$(TARGET_NAME)";
				SWIFT_EMIT_LOC_STRINGS = NO;
				SWIFT_VERSION = 5.0;
			};
			name = Release;
		};
		DEB2B5C32D217769004AF0D4 /* Debug */ = {
			isa = XCBuildConfiguration;
			buildSettings = {
				CODE_SIGN_STYLE = Automatic;
				CURRENT_PROJECT_VERSION = 1;
				DEVELOPMENT_TEAM = 67447MWT6K;
				GENERATE_INFOPLIST_FILE = YES;
				MARKETING_VERSION = 1.0;
				PRODUCT_BUNDLE_IDENTIFIER = rinngo0302.BaseCurlTest;
				PRODUCT_NAME = "$(TARGET_NAME)";
				SWIFT_EMIT_LOC_STRINGS = NO;
				SWIFT_VERSION = 5.0;
			};
			name = Debug;
		};
		DEB2B5C42D217769004AF0D4 /* Release */ = {
			isa = XCBuildConfiguration;
			buildSettings = {
				CODE_SIGN_STYLE = Automatic;
				CURRENT_PROJECT_VERSION = 1;
				DEVELOPMENT_TEAM = 67447MWT6K;
				GENERATE_INFOPLIST_FILE = YES;
				MARKETING_VERSION = 1.0;
				PRODUCT_BUNDLE_IDENTIFIER = rinngo0302.BaseCurlTest;
				PRODUCT_NAME = "$(TARGET_NAME)";
				SWIFT_EMIT_LOC_STRINGS = NO;
				SWIFT_VERSION = 5.0;
			};
			name = Release;
		};
/* End XCBuildConfiguration section */

/* Begin XCConfigurationList section */
		DE1F1AE12D1FF8CC00E51360 /* Build configuration list for PBXProject "MyCurlCommand" */ = {
			isa = XCConfigurationList;
			buildConfigurations = (
				DE1F1AEB2D1FF8CC00E51360 /* Debug */,
				DE1F1AEC2D1FF8CC00E51360 /* Release */,
			);
			defaultConfigurationIsVisible = 0;
			defaultConfigurationName = Release;
		};
		DE1F1AED2D1FF8CC00E51360 /* Build configuration list for PBXNativeTarget "MyCurlCommand" */ = {
			isa = XCConfigurationList;
			buildConfigurations = (
				DE1F1AEE2D1FF8CC00E51360 /* Debug */,
				DE1F1AEF2D1FF8CC00E51360 /* Release */,
			);
			defaultConfigurationIsVisible = 0;
			defaultConfigurationName = Release;
		};
		DE50647D2D28DFB100A0571E /* Build configuration list for PBXNativeTarget "OptionSystem" */ = {
			isa = XCConfigurationList;
			buildConfigurations = (
				DE50647E2D28DFB100A0571E /* Debug */,
				DE50647F2D28DFB100A0571E /* Release */,
			);
			defaultConfigurationIsVisible = 0;
			defaultConfigurationName = Release;
		};
		DE572E272D2970470013FEEF /* Build configuration list for PBXNativeTarget "Additional" */ = {
			isa = XCConfigurationList;
			buildConfigurations = (
				DE572E252D2970470013FEEF /* Debug */,
				DE572E262D2970470013FEEF /* Release */,
			);
			defaultConfigurationIsVisible = 0;
			defaultConfigurationName = Release;
		};
		DEB2B5C22D217769004AF0D4 /* Build configuration list for PBXNativeTarget "BaseCurlTest" */ = {
			isa = XCConfigurationList;
			buildConfigurations = (
				DEB2B5C32D217769004AF0D4 /* Debug */,
				DEB2B5C42D217769004AF0D4 /* Release */,
			);
			defaultConfigurationIsVisible = 0;
			defaultConfigurationName = Release;
		};
/* End XCConfigurationList section */
	};
	rootObject = DE1F1ADE2D1FF8CC00E51360 /* Project object */;
}
